
Microsoft Visual Studio Solution File, Format Version 12.00
# Visual Studio 14
VisualStudioVersion = 14.0.22512.0
MinimumVisualStudioVersion = 10.0.40219.1
Project("{FAE04EC0-301F-11D3-BF4B-00C04F79EFBC}") = "OpenStackNetAnalyzers", "OpenStackNetAnalyzers\OpenStackNetAnalyzers\OpenStackNetAnalyzers.csproj", "{AB7F7388-74A9-4497-8512-AC1E194D3B93}"
EndProject
Project("{2150E333-8FDC-42A3-9474-1A3956D46DE8}") = ".nuget", ".nuget", "{9E9D25AB-EA1A-4511-8A6F-E5E352113F94}"
	ProjectSection(SolutionItems) = preProject
		.nuget\packages.config = .nuget\packages.config
	EndProjectSection
EndProject
Project("{FAE04EC0-301F-11D3-BF4B-00C04F79EFBC}") = "OpenStackNetAnalyzers.Test", "OpenStackNetAnalyzers\OpenStackNetAnalyzers.Test\OpenStackNetAnalyzers.Test.csproj", "{D1E1094C-4679-4CAC-9626-0215EC3A06DF}"
EndProject
Project("{FAE04EC0-301F-11D3-BF4B-00C04F79EFBC}") = "OpenStackNetAnalyzers.Vsix", "OpenStackNetAnalyzers\OpenStackNetAnalyzers.Vsix\OpenStackNetAnalyzers.Vsix.csproj", "{7A301A1D-5CDF-4B13-AD32-4E391B1380F3}"
EndProject
Project("{2150E333-8FDC-42A3-9474-1A3956D46DE8}") = "Solution Items", "Solution Items", "{FD988EF6-A3E8-47FB-B768-39DF7EE74BD5}"
	ProjectSection(SolutionItems) = preProject
		CONTRIBUTING.md = CONTRIBUTING.md
		LICENSE.md = LICENSE.md
		README.md = README.md
	EndProjectSection
EndProject
Project("{2150E333-8FDC-42A3-9474-1A3956D46DE8}") = "build", "build", "{AC1B917B-2A3D-4BF7-BC83-58A5004052C1}"
	ProjectSection(SolutionItems) = preProject
		build\build.ps1 = build\build.ps1
		build\check-key.ps1 = build\check-key.ps1
		build\keys.ps1 = build\keys.ps1
		build\push.ps1 = build\push.ps1
		build\version.ps1 = build\version.ps1
	EndProjectSection
EndProject
Global
	GlobalSection(SolutionConfigurationPlatforms) = preSolution
		Debug|Any CPU = Debug|Any CPU
		Release|Any CPU = Release|Any CPU
	EndGlobalSection
	GlobalSection(ProjectConfigurationPlatforms) = postSolution
		{AB7F7388-74A9-4497-8512-AC1E194D3B93}.Debug|Any CPU.ActiveCfg = Debug|Any CPU
		{AB7F7388-74A9-4497-8512-AC1E194D3B93}.Debug|Any CPU.Build.0 = Debug|Any CPU
		{AB7F7388-74A9-4497-8512-AC1E194D3B93}.Release|Any CPU.ActiveCfg = Release|Any CPU
		{AB7F7388-74A9-4497-8512-AC1E194D3B93}.Release|Any CPU.Build.0 = Release|Any CPU
		{D1E1094C-4679-4CAC-9626-0215EC3A06DF}.Debug|Any CPU.ActiveCfg = Debug|Any CPU
		{D1E1094C-4679-4CAC-9626-0215EC3A06DF}.Debug|Any CPU.Build.0 = Debug|Any CPU
		{D1E1094C-4679-4CAC-9626-0215EC3A06DF}.Release|Any CPU.ActiveCfg = Release|Any CPU
		{D1E1094C-4679-4CAC-9626-0215EC3A06DF}.Release|Any CPU.Build.0 = Release|Any CPU
		{7A301A1D-5CDF-4B13-AD32-4E391B1380F3}.Debug|Any CPU.ActiveCfg = Debug|Any CPU
		{7A301A1D-5CDF-4B13-AD32-4E391B1380F3}.Debug|Any CPU.Build.0 = Debug|Any CPU
		{7A301A1D-5CDF-4B13-AD32-4E391B1380F3}.Release|Any CPU.ActiveCfg = Release|Any CPU
		{7A301A1D-5CDF-4B13-AD32-4E391B1380F3}.Release|Any CPU.Build.0 = Release|Any CPU
	EndGlobalSection
	GlobalSection(SolutionProperties) = preSolution
		HideSolutionNode = FALSE
	EndGlobalSection
EndGlobal
